{
  "schemaVersion": 1,
  "digest": "sha256:b34fe87b1343e48209b401193980704b4000f54c4c28f1b22b27384251902bc0",
  "source": {
    "type": "git",
    "url": "https://github.com/reggi/template-railway.git",
    "path": ".knitto",
    "ref": "v0.1.2"
  },
  "engine": {
    "package": "knitto",
    "version": "0.2.0"
  },
  "provenance": {
    "sourceType": "git",
    "locator": "https://github.com/reggi/template-railway",
    "templatePath": ".knitto",
    "revision": "2cd08624700a8f76a53d2d2e6444251715f45264"
  },
  "templateSchemaVersion": 1,
  "resolvedAt": "2026-09-05T07:45:33.291Z"
}
